
Microsoft Visual Studio Solution File, Format Version 12.00
# Visual Studio 15
Project("{FAE04EC0-301F-11D3-BF4B-00C04F79EFBC}") = "Assembly-CSharp", "Assembly-CSharp.csproj", "{E4CAAED7-E7E7-9B5F-CB75-5B252D8660CC}"
EndProject
Project("{FAE04EC0-301F-11D3-BF4B-00C04F79EFBC}") = "Assembly-CSharp-Editor", "Assembly-CSharp-Editor.csproj", "{8506B761-5D69-983E-F4BF-5272A4E88B1B}"
EndProject
Global
	GlobalSection(SolutionConfigurationPlatforms) = preSolution
		Debug|Any CPU = Debug|Any CPU
		Release|Any CPU = Release|Any CPU
	EndGlobalSection
	GlobalSection(ProjectConfigurationPlatforms) = postSolution
		{E4CAAED7-E7E7-9B5F-CB75-5B252D8660CC}.Debug|Any CPU.ActiveCfg = Debug|Any CPU
		{E4CAAED7-E7E7-9B5F-CB75-5B252D8660CC}.Debug|Any CPU.Build.0 = Debug|Any CPU
		{E4CAAED7-E7E7-9B5F-CB75-5B252D8660CC}.Release|Any CPU.ActiveCfg = Release|Any CPU
		{E4CAAED7-E7E7-9B5F-CB75-5B252D8660CC}.Release|Any CPU.Build.0 = Release|Any CPU
		{8506B761-5D69-983E-F4BF-5272A4E88B1B}.Debug|Any CPU.ActiveCfg = Debug|Any CPU
		{8506B761-5D69-983E-F4BF-5272A4E88B1B}.Debug|Any CPU.Build.0 = Debug|Any CPU
		{8506B761-5D69-983E-F4BF-5272A4E88B1B}.Release|Any CPU.ActiveCfg = Release|Any CPU
		{8506B761-5D69-983E-F4BF-5272A4E88B1B}.Release|Any CPU.Build.0 = Release|Any CPU
	EndGlobalSection
	GlobalSection(SolutionProperties) = preSolution
		HideSolutionNode = FALSE
	EndGlobalSection
EndGlobal
